// !$*UTF8*$!
{
	archiveVersion = 1;
	classes = {
	};
	objectVersion = 56;
	objects = {

/* Begin PBXBuildFile section */
		B5DA328729F1CA1B00DD2F2B /* BookingLookingApp.swift in Sources */ = {isa = PBXBuildFile; fileRef = B5DA328629F1CA1B00DD2F2B /* BookingLookingApp.swift */; };
		B5DA328B29F1CA1C00DD2F2B /* Assets.xcassets in Resources */ = {isa = PBXBuildFile; fileRef = B5DA328A29F1CA1C00DD2F2B /* Assets.xcassets */; };
		B5DA328E29F1CA1C00DD2F2B /* Preview Assets.xcassets in Resources */ = {isa = PBXBuildFile; fileRef = B5DA328D29F1CA1C00DD2F2B /* Preview Assets.xcassets */; };
		B5DA329729F1CAF700DD2F2B /* MainCoordinator.swift in Sources */ = {isa = PBXBuildFile; fileRef = B5DA329629F1CAF700DD2F2B /* MainCoordinator.swift */; };
		B5DA32A229F1CBE800DD2F2B /* Provider.swift in Sources */ = {isa = PBXBuildFile; fileRef = B5DA32A129F1CBE800DD2F2B /* Provider.swift */; };
		B5DA32A629F1CC6E00DD2F2B /* APIError.swift in Sources */ = {isa = PBXBuildFile; fileRef = B5DA32A529F1CC6E00DD2F2B /* APIError.swift */; };
		B5DA32A829F1CD6B00DD2F2B /* LocalStorage.swift in Sources */ = {isa = PBXBuildFile; fileRef = B5DA32A729F1CD6B00DD2F2B /* LocalStorage.swift */; };
		B5DA32BF29F1D57900DD2F2B /* Stinsen in Frameworks */ = {isa = PBXBuildFile; productRef = B5DA32BE29F1D57900DD2F2B /* Stinsen */; };
		B5DA32C229F1D64400DD2F2B /* Kingfisher in Frameworks */ = {isa = PBXBuildFile; productRef = B5DA32C129F1D64400DD2F2B /* Kingfisher */; };
		B5DA32C629F1D78C00DD2F2B /* CombineMoya in Frameworks */ = {isa = PBXBuildFile; productRef = B5DA32C529F1D78C00DD2F2B /* CombineMoya */; };
		B5DA32C829F1D78C00DD2F2B /* Moya in Frameworks */ = {isa = PBXBuildFile; productRef = B5DA32C729F1D78C00DD2F2B /* Moya */; };
		B5DA32CA29F1D78C00DD2F2B /* ReactiveMoya in Frameworks */ = {isa = PBXBuildFile; productRef = B5DA32C929F1D78C00DD2F2B /* ReactiveMoya */; };
		B5DA32CC29F1D78C00DD2F2B /* RxMoya in Frameworks */ = {isa = PBXBuildFile; productRef = B5DA32CB29F1D78C00DD2F2B /* RxMoya */; };
		D001D6D62A0B8F8700B44C63 /* AuthorizationCoordinator.swift in Sources */ = {isa = PBXBuildFile; fileRef = D001D6D52A0B8F8700B44C63 /* AuthorizationCoordinator.swift */; };
		D001D6D92A0B8F9D00B44C63 /* TabBarCoordinator.swift in Sources */ = {isa = PBXBuildFile; fileRef = D001D6D82A0B8F9D00B44C63 /* TabBarCoordinator.swift */; };
		D001D6DC2A0B8FA600B44C63 /* UserCoordinator.swift in Sources */ = {isa = PBXBuildFile; fileRef = D001D6DB2A0B8FA600B44C63 /* UserCoordinator.swift */; };
		D001D6DF2A0B900700B44C63 /* AccommodationCard.swift in Sources */ = {isa = PBXBuildFile; fileRef = D001D6DE2A0B900700B44C63 /* AccommodationCard.swift */; };
		D001D6E62A0B901100B44C63 /* AppButtonStyle.swift in Sources */ = {isa = PBXBuildFile; fileRef = D001D6E22A0B901100B44C63 /* AppButtonStyle.swift */; };
		D001D6E72A0B901100B44C63 /* AppButton.swift in Sources */ = {isa = PBXBuildFile; fileRef = D001D6E32A0B901100B44C63 /* AppButton.swift */; };
		D001D6E82A0B901100B44C63 /* ButtonRefresh.swift in Sources */ = {isa = PBXBuildFile; fileRef = D001D6E52A0B901100B44C63 /* ButtonRefresh.swift */; };
		D001D6EB2A0B902300B44C63 /* Calendar.swift in Sources */ = {isa = PBXBuildFile; fileRef = D001D6EA2A0B902300B44C63 /* Calendar.swift */; };
		D001D6EE2A0B926900B44C63 /* ChekBox.swift in Sources */ = {isa = PBXBuildFile; fileRef = D001D6ED2A0B926900B44C63 /* ChekBox.swift */; };
		D001D6F12A0B92E800B44C63 /* CodeCell.swift in Sources */ = {isa = PBXBuildFile; fileRef = D001D6F02A0B92E800B44C63 /* CodeCell.swift */; };
		D001D6F42A0B92F500B44C63 /* NetworkImage.swift in Sources */ = {isa = PBXBuildFile; fileRef = D001D6F32A0B92F500B44C63 /* NetworkImage.swift */; };
		D001D6F72A0B92FD00B44C63 /* ImageCarousel.swift in Sources */ = {isa = PBXBuildFile; fileRef = D001D6F62A0B92FD00B44C63 /* ImageCarousel.swift */; };
		D001D6FA2A0B934000B44C63 /* TabBar.swift in Sources */ = {isa = PBXBuildFile; fileRef = D001D6F92A0B934000B44C63 /* TabBar.swift */; };
		D001D6FD2A0B934800B44C63 /* CustomTextField.swift in Sources */ = {isa = PBXBuildFile; fileRef = D001D6FC2A0B934800B44C63 /* CustomTextField.swift */; };
		D001D6FF2A0B942B00B44C63 /* ColorTheme.swift in Sources */ = {isa = PBXBuildFile; fileRef = D001D6FE2A0B942B00B44C63 /* ColorTheme.swift */; };
		D001D7012A0B943400B44C63 /* Converter.swift in Sources */ = {isa = PBXBuildFile; fileRef = D001D7002A0B943400B44C63 /* Converter.swift */; };
		D001D7032A0B943D00B44C63 /* Validation.swift in Sources */ = {isa = PBXBuildFile; fileRef = D001D7022A0B943D00B44C63 /* Validation.swift */; };
		D001D7112A0B946800B44C63 /* UserBookingScreen.swift in Sources */ = {isa = PBXBuildFile; fileRef = D001D7062A0B946800B44C63 /* UserBookingScreen.swift */; };
		D001D7122A0B946800B44C63 /* UserProfileScreen.swift in Sources */ = {isa = PBXBuildFile; fileRef = D001D7082A0B946800B44C63 /* UserProfileScreen.swift */; };
		D001D7132A0B946800B44C63 /* SearchAccommodationScreen.swift in Sources */ = {isa = PBXBuildFile; fileRef = D001D70B2A0B946800B44C63 /* SearchAccommodationScreen.swift */; };
		D001D7142A0B946800B44C63 /* AccommodationDetailScreen.swift in Sources */ = {isa = PBXBuildFile; fileRef = D001D70C2A0B946800B44C63 /* AccommodationDetailScreen.swift */; };
		D001D7152A0B946800B44C63 /* BookingModal.swift in Sources */ = {isa = PBXBuildFile; fileRef = D001D70E2A0B946800B44C63 /* BookingModal.swift */; };
		D001D7162A0B946800B44C63 /* FilterModal.swift in Sources */ = {isa = PBXBuildFile; fileRef = D001D7102A0B946800B44C63 /* FilterModal.swift */; };
		D001D71F2A0B947200B44C63 /* RegistrationScreen.swift in Sources */ = {isa = PBXBuildFile; fileRef = D001D7192A0B947100B44C63 /* RegistrationScreen.swift */; };
		D001D7202A0B947200B44C63 /* AuthorizationScreen.swift in Sources */ = {isa = PBXBuildFile; fileRef = D001D71B2A0B947200B44C63 /* AuthorizationScreen.swift */; };
		D001D7212A0B947200B44C63 /* EnterCodeScreen.swift in Sources */ = {isa = PBXBuildFile; fileRef = D001D71D2A0B947200B44C63 /* EnterCodeScreen.swift */; };
		D001D7222A0B947200B44C63 /* EnterCodeScreen2.swift in Sources */ = {isa = PBXBuildFile; fileRef = D001D71E2A0B947200B44C63 /* EnterCodeScreen2.swift */; };
		D001D7262A0B9EEA00B44C63 /* RegistrationViewModel.swift in Sources */ = {isa = PBXBuildFile; fileRef = D001D7252A0B9EEA00B44C63 /* RegistrationViewModel.swift */; };
		D001D7292A0B9F3900B44C63 /* CombineExt in Frameworks */ = {isa = PBXBuildFile; productRef = D001D7282A0B9F3900B44C63 /* CombineExt */; };
		D001D72C2A0B9F9300B44C63 /* ViewModelProtocol.swift in Sources */ = {isa = PBXBuildFile; fileRef = D001D72B2A0B9F9300B44C63 /* ViewModelProtocol.swift */; };
		D001D7372A0BAEFC00B44C63 /* ServerUserModel.swift in Sources */ = {isa = PBXBuildFile; fileRef = D001D7302A0BAEFC00B44C63 /* ServerUserModel.swift */; };
		D001D7382A0BAEFC00B44C63 /* FilterModel.swift in Sources */ = {isa = PBXBuildFile; fileRef = D001D7322A0BAEFC00B44C63 /* FilterModel.swift */; };
		D001D7392A0BAEFC00B44C63 /* AccommodationModel.swift in Sources */ = {isa = PBXBuildFile; fileRef = D001D7332A0BAEFC00B44C63 /* AccommodationModel.swift */; };
		D001D73A2A0BAEFC00B44C63 /* UserModel.swift in Sources */ = {isa = PBXBuildFile; fileRef = D001D7342A0BAEFC00B44C63 /* UserModel.swift */; };
		D001D73B2A0BAEFC00B44C63 /* BaseModelMapper.swift in Sources */ = {isa = PBXBuildFile; fileRef = D001D7362A0BAEFC00B44C63 /* BaseModelMapper.swift */; };
		D001D73E2A0BB53000B44C63 /* AuthApi.swift in Sources */ = {isa = PBXBuildFile; fileRef = D001D73D2A0BB53000B44C63 /* AuthApi.swift */; };
		D001D7402A0BB59400B44C63 /* Consts.swift in Sources */ = {isa = PBXBuildFile; fileRef = D001D73F2A0BB59400B44C63 /* Consts.swift */; };
		D001D7422A0BB90600B44C63 /* AuthApiService.swift in Sources */ = {isa = PBXBuildFile; fileRef = D001D7412A0BB90600B44C63 /* AuthApiService.swift */; };
		D001D7442A0BBDE900B44C63 /* ServerResponse.swift in Sources */ = {isa = PBXBuildFile; fileRef = D001D7432A0BBDE900B44C63 /* ServerResponse.swift */; };
		D001D74B2A0BC0B000B44C63 /* CheckCodeResponse.swift in Sources */ = {isa = PBXBuildFile; fileRef = D001D74A2A0BC0B000B44C63 /* CheckCodeResponse.swift */; };
		D001D74D2A0BC39700B44C63 /* AuthModelMapper.swift in Sources */ = {isa = PBXBuildFile; fileRef = D001D74C2A0BC39700B44C63 /* AuthModelMapper.swift */; };
		D001D7502A0BC4C500B44C63 /* String + Extensions.swift in Sources */ = {isa = PBXBuildFile; fileRef = D001D74F2A0BC4C500B44C63 /* String + Extensions.swift */; };
		D001D7522A0BCA4700B44C63 /* CheckCodeModelMapper.swift in Sources */ = {isa = PBXBuildFile; fileRef = D001D7512A0BCA4700B44C63 /* CheckCodeModelMapper.swift */; };
		D001D7552A0BCF2200B44C63 /* UserApi.swift in Sources */ = {isa = PBXBuildFile; fileRef = D001D7542A0BCF2200B44C63 /* UserApi.swift */; };
		D001D7572A0BCF2B00B44C63 /* UserApiService.swift in Sources */ = {isa = PBXBuildFile; fileRef = D001D7562A0BCF2B00B44C63 /* UserApiService.swift */; };
		D001D7592A0BCFAD00B44C63 /* UserModelMapper.swift in Sources */ = {isa = PBXBuildFile; fileRef = D001D7582A0BCFAD00B44C63 /* UserModelMapper.swift */; };
		D044D4062A0E2C4700F06177 /* ServerBooking.swift in Sources */ = {isa = PBXBuildFile; fileRef = D044D4052A0E2C4700F06177 /* ServerBooking.swift */; };
		D044D40A2A0E300400F06177 /* AccommodationModelMapper.swift in Sources */ = {isa = PBXBuildFile; fileRef = D044D4092A0E300400F06177 /* AccommodationModelMapper.swift */; };
		D044D40C2A0E3C6000F06177 /* Array + Extensions.swift in Sources */ = {isa = PBXBuildFile; fileRef = D044D40B2A0E3C6000F06177 /* Array + Extensions.swift */; };
		D044D40F2A0E494100F06177 /* AccommodationApi.swift in Sources */ = {isa = PBXBuildFile; fileRef = D044D40E2A0E494100F06177 /* AccommodationApi.swift */; };
		D044D4112A0E495300F06177 /* AccommodationApiService.swift in Sources */ = {isa = PBXBuildFile; fileRef = D044D4102A0E495300F06177 /* AccommodationApiService.swift */; };
		D044D4132A0E4F5B00F06177 /* TargetType + Extensions.swift in Sources */ = {isa = PBXBuildFile; fileRef = D044D4122A0E4F5B00F06177 /* TargetType + Extensions.swift */; };
		D044D4162A0E583E00F06177 /* BookingApi.swift in Sources */ = {isa = PBXBuildFile; fileRef = D044D4152A0E583E00F06177 /* BookingApi.swift */; };
		D044D4182A0E584500F06177 /* BookingApiService.swift in Sources */ = {isa = PBXBuildFile; fileRef = D044D4172A0E584500F06177 /* BookingApiService.swift */; };
		D059B2F52A1139FF00D85F8A /* ProcessingState.swift in Sources */ = {isa = PBXBuildFile; fileRef = D059B2F42A1139FF00D85F8A /* ProcessingState.swift */; };
		D059B2F72A113A4200D85F8A /* StateView.swift in Sources */ = {isa = PBXBuildFile; fileRef = D059B2F62A113A4200D85F8A /* StateView.swift */; };
		D059B2F92A11414000D85F8A /* RegistrationRouter.swift in Sources */ = {isa = PBXBuildFile; fileRef = D059B2F82A11414000D85F8A /* RegistrationRouter.swift */; };
		D059B2FB2A1142E500D85F8A /* AuthorizationViewModel.swift in Sources */ = {isa = PBXBuildFile; fileRef = D059B2FA2A1142E500D85F8A /* AuthorizationViewModel.swift */; };
		D059B2FD2A11440900D85F8A /* AuthorizationRouter.swift in Sources */ = {isa = PBXBuildFile; fileRef = D059B2FC2A11440900D85F8A /* AuthorizationRouter.swift */; };
		D059B2FF2A11494800D85F8A /* EnterCodeViewModel.swift in Sources */ = {isa = PBXBuildFile; fileRef = D059B2FE2A11494800D85F8A /* EnterCodeViewModel.swift */; };
		D059B3012A114A0500D85F8A /* EnterCodeRouter.swift in Sources */ = {isa = PBXBuildFile; fileRef = D059B3002A114A0500D85F8A /* EnterCodeRouter.swift */; };
		D059B3032A11539600D85F8A /* AuthState.swift in Sources */ = {isa = PBXBuildFile; fileRef = D059B3022A11539600D85F8A /* AuthState.swift */; };
		D059B3052A11598F00D85F8A /* UserProfileViewModel.swift in Sources */ = {isa = PBXBuildFile; fileRef = D059B3042A11598F00D85F8A /* UserProfileViewModel.swift */; };
		D0D3CFB32A0CEC1F008B5BF7 /* AuthResponse.swift in Sources */ = {isa = PBXBuildFile; fileRef = D0D3CFB22A0CEC1F008B5BF7 /* AuthResponse.swift */; };
/* End PBXBuildFile section */

/* Begin PBXFileReference section */
		B5DA328329F1CA1B00DD2F2B /* Booking Looking.app */ = {isa = PBXFileReference; explicitFileType = wrapper.application; includeInIndex = 0; path = "Booking Looking.app"; sourceTree = BUILT_PRODUCTS_DIR; };
		B5DA328629F1CA1B00DD2F2B /* BookingLookingApp.swift */ = {isa = PBXFileReference; lastKnownFileType = sourcecode.swift; path = BookingLookingApp.swift; sourceTree = "<group>"; };
		B5DA328A29F1CA1C00DD2F2B /* Assets.xcassets */ = {isa = PBXFileReference; lastKnownFileType = folder.assetcatalog; path = Assets.xcassets; sourceTree = "<group>"; };
		B5DA328D29F1CA1C00DD2F2B /* Preview Assets.xcassets */ = {isa = PBXFileReference; lastKnownFileType = folder.assetcatalog; path = "Preview Assets.xcassets"; sourceTree = "<group>"; };
		B5DA329629F1CAF700DD2F2B /* MainCoordinator.swift */ = {isa = PBXFileReference; lastKnownFileType = sourcecode.swift; path = MainCoordinator.swift; sourceTree = "<group>"; };
		B5DA32A129F1CBE800DD2F2B /* Provider.swift */ = {isa = PBXFileReference; lastKnownFileType = sourcecode.swift; path = Provider.swift; sourceTree = "<group>"; };
		B5DA32A529F1CC6E00DD2F2B /* APIError.swift */ = {isa = PBXFileReference; lastKnownFileType = sourcecode.swift; path = APIError.swift; sourceTree = "<group>"; };
		B5DA32A729F1CD6B00DD2F2B /* LocalStorage.swift */ = {isa = PBXFileReference; lastKnownFileType = sourcecode.swift; path = LocalStorage.swift; sourceTree = "<group>"; };
		D001D6D52A0B8F8700B44C63 /* AuthorizationCoordinator.swift */ = {isa = PBXFileReference; fileEncoding = 4; lastKnownFileType = sourcecode.swift; path = AuthorizationCoordinator.swift; sourceTree = "<group>"; };
		D001D6D82A0B8F9D00B44C63 /* TabBarCoordinator.swift */ = {isa = PBXFileReference; fileEncoding = 4; lastKnownFileType = sourcecode.swift; path = TabBarCoordinator.swift; sourceTree = "<group>"; };
		D001D6DB2A0B8FA600B44C63 /* UserCoordinator.swift */ = {isa = PBXFileReference; fileEncoding = 4; lastKnownFileType = sourcecode.swift; path = UserCoordinator.swift; sourceTree = "<group>"; };
		D001D6DE2A0B900700B44C63 /* AccommodationCard.swift */ = {isa = PBXFileReference; fileEncoding = 4; lastKnownFileType = sourcecode.swift; path = AccommodationCard.swift; sourceTree = "<group>"; };
		D001D6E22A0B901100B44C63 /* AppButtonStyle.swift */ = {isa = PBXFileReference; fileEncoding = 4; lastKnownFileType = sourcecode.swift; path = AppButtonStyle.swift; sourceTree = "<group>"; };
		D001D6E32A0B901100B44C63 /* AppButton.swift */ = {isa = PBXFileReference; fileEncoding = 4; lastKnownFileType = sourcecode.swift; path = AppButton.swift; sourceTree = "<group>"; };
		D001D6E52A0B901100B44C63 /* ButtonRefresh.swift */ = {isa = PBXFileReference; fileEncoding = 4; lastKnownFileType = sourcecode.swift; path = ButtonRefresh.swift; sourceTree = "<group>"; };
		D001D6EA2A0B902300B44C63 /* Calendar.swift */ = {isa = PBXFileReference; fileEncoding = 4; lastKnownFileType = sourcecode.swift; path = Calendar.swift; sourceTree = "<group>"; };
		D001D6ED2A0B926900B44C63 /* ChekBox.swift */ = {isa = PBXFileReference; fileEncoding = 4; lastKnownFileType = sourcecode.swift; path = ChekBox.swift; sourceTree = "<group>"; };
		D001D6F02A0B92E800B44C63 /* CodeCell.swift */ = {isa = PBXFileReference; fileEncoding = 4; lastKnownFileType = sourcecode.swift; path = CodeCell.swift; sourceTree = "<group>"; };
		D001D6F32A0B92F500B44C63 /* NetworkImage.swift */ = {isa = PBXFileReference; fileEncoding = 4; lastKnownFileType = sourcecode.swift; path = NetworkImage.swift; sourceTree = "<group>"; };
		D001D6F62A0B92FD00B44C63 /* ImageCarousel.swift */ = {isa = PBXFileReference; fileEncoding = 4; lastKnownFileType = sourcecode.swift; path = ImageCarousel.swift; sourceTree = "<group>"; };
		D001D6F92A0B934000B44C63 /* TabBar.swift */ = {isa = PBXFileReference; fileEncoding = 4; lastKnownFileType = sourcecode.swift; path = TabBar.swift; sourceTree = "<group>"; };
		D001D6FC2A0B934800B44C63 /* CustomTextField.swift */ = {isa = PBXFileReference; fileEncoding = 4; lastKnownFileType = sourcecode.swift; path = CustomTextField.swift; sourceTree = "<group>"; };
		D001D6FE2A0B942B00B44C63 /* ColorTheme.swift */ = {isa = PBXFileReference; fileEncoding = 4; lastKnownFileType = sourcecode.swift; path = ColorTheme.swift; sourceTree = "<group>"; };
		D001D7002A0B943400B44C63 /* Converter.swift */ = {isa = PBXFileReference; fileEncoding = 4; lastKnownFileType = sourcecode.swift; path = Converter.swift; sourceTree = "<group>"; };
		D001D7022A0B943D00B44C63 /* Validation.swift */ = {isa = PBXFileReference; fileEncoding = 4; lastKnownFileType = sourcecode.swift; path = Validation.swift; sourceTree = "<group>"; };
		D001D7062A0B946800B44C63 /* UserBookingScreen.swift */ = {isa = PBXFileReference; fileEncoding = 4; lastKnownFileType = sourcecode.swift; path = UserBookingScreen.swift; sourceTree = "<group>"; };
		D001D7082A0B946800B44C63 /* UserProfileScreen.swift */ = {isa = PBXFileReference; fileEncoding = 4; lastKnownFileType = sourcecode.swift; path = UserProfileScreen.swift; sourceTree = "<group>"; };
		D001D70B2A0B946800B44C63 /* SearchAccommodationScreen.swift */ = {isa = PBXFileReference; fileEncoding = 4; lastKnownFileType = sourcecode.swift; path = SearchAccommodationScreen.swift; sourceTree = "<group>"; };
		D001D70C2A0B946800B44C63 /* AccommodationDetailScreen.swift */ = {isa = PBXFileReference; fileEncoding = 4; lastKnownFileType = sourcecode.swift; path = AccommodationDetailScreen.swift; sourceTree = "<group>"; };
		D001D70E2A0B946800B44C63 /* BookingModal.swift */ = {isa = PBXFileReference; fileEncoding = 4; lastKnownFileType = sourcecode.swift; path = BookingModal.swift; sourceTree = "<group>"; };
		D001D7102A0B946800B44C63 /* FilterModal.swift */ = {isa = PBXFileReference; fileEncoding = 4; lastKnownFileType = sourcecode.swift; path = FilterModal.swift; sourceTree = "<group>"; };
		D001D7192A0B947100B44C63 /* RegistrationScreen.swift */ = {isa = PBXFileReference; fileEncoding = 4; lastKnownFileType = sourcecode.swift; path = RegistrationScreen.swift; sourceTree = "<group>"; };
		D001D71B2A0B947200B44C63 /* AuthorizationScreen.swift */ = {isa = PBXFileReference; fileEncoding = 4; lastKnownFileType = sourcecode.swift; path = AuthorizationScreen.swift; sourceTree = "<group>"; };
		D001D71D2A0B947200B44C63 /* EnterCodeScreen.swift */ = {isa = PBXFileReference; fileEncoding = 4; lastKnownFileType = sourcecode.swift; path = EnterCodeScreen.swift; sourceTree = "<group>"; };
		D001D71E2A0B947200B44C63 /* EnterCodeScreen2.swift */ = {isa = PBXFileReference; fileEncoding = 4; lastKnownFileType = sourcecode.swift; path = EnterCodeScreen2.swift; sourceTree = "<group>"; };
		D001D7252A0B9EEA00B44C63 /* RegistrationViewModel.swift */ = {isa = PBXFileReference; lastKnownFileType = sourcecode.swift; path = RegistrationViewModel.swift; sourceTree = "<group>"; };
		D001D72B2A0B9F9300B44C63 /* ViewModelProtocol.swift */ = {isa = PBXFileReference; lastKnownFileType = sourcecode.swift; path = ViewModelProtocol.swift; sourceTree = "<group>"; };
		D001D7302A0BAEFC00B44C63 /* ServerUserModel.swift */ = {isa = PBXFileReference; fileEncoding = 4; lastKnownFileType = sourcecode.swift; path = ServerUserModel.swift; sourceTree = "<group>"; };
		D001D7322A0BAEFC00B44C63 /* FilterModel.swift */ = {isa = PBXFileReference; fileEncoding = 4; lastKnownFileType = sourcecode.swift; path = FilterModel.swift; sourceTree = "<group>"; };
		D001D7332A0BAEFC00B44C63 /* AccommodationModel.swift */ = {isa = PBXFileReference; fileEncoding = 4; lastKnownFileType = sourcecode.swift; path = AccommodationModel.swift; sourceTree = "<group>"; };
		D001D7342A0BAEFC00B44C63 /* UserModel.swift */ = {isa = PBXFileReference; fileEncoding = 4; lastKnownFileType = sourcecode.swift; path = UserModel.swift; sourceTree = "<group>"; };
		D001D7362A0BAEFC00B44C63 /* BaseModelMapper.swift */ = {isa = PBXFileReference; fileEncoding = 4; lastKnownFileType = sourcecode.swift; path = BaseModelMapper.swift; sourceTree = "<group>"; };
		D001D73D2A0BB53000B44C63 /* AuthApi.swift */ = {isa = PBXFileReference; lastKnownFileType = sourcecode.swift; path = AuthApi.swift; sourceTree = "<group>"; };
		D001D73F2A0BB59400B44C63 /* Consts.swift */ = {isa = PBXFileReference; lastKnownFileType = sourcecode.swift; path = Consts.swift; sourceTree = "<group>"; };
		D001D7412A0BB90600B44C63 /* AuthApiService.swift */ = {isa = PBXFileReference; lastKnownFileType = sourcecode.swift; path = AuthApiService.swift; sourceTree = "<group>"; };
		D001D7432A0BBDE900B44C63 /* ServerResponse.swift */ = {isa = PBXFileReference; lastKnownFileType = sourcecode.swift; path = ServerResponse.swift; sourceTree = "<group>"; };
		D001D74A2A0BC0B000B44C63 /* CheckCodeResponse.swift */ = {isa = PBXFileReference; lastKnownFileType = sourcecode.swift; path = CheckCodeResponse.swift; sourceTree = "<group>"; };
		D001D74C2A0BC39700B44C63 /* AuthModelMapper.swift */ = {isa = PBXFileReference; lastKnownFileType = sourcecode.swift; path = AuthModelMapper.swift; sourceTree = "<group>"; };
		D001D74F2A0BC4C500B44C63 /* String + Extensions.swift */ = {isa = PBXFileReference; lastKnownFileType = sourcecode.swift; path = "String + Extensions.swift"; sourceTree = "<group>"; };
		D001D7512A0BCA4700B44C63 /* CheckCodeModelMapper.swift */ = {isa = PBXFileReference; lastKnownFileType = sourcecode.swift; path = CheckCodeModelMapper.swift; sourceTree = "<group>"; };
		D001D7542A0BCF2200B44C63 /* UserApi.swift */ = {isa = PBXFileReference; lastKnownFileType = sourcecode.swift; path = UserApi.swift; sourceTree = "<group>"; };
		D001D7562A0BCF2B00B44C63 /* UserApiService.swift */ = {isa = PBXFileReference; lastKnownFileType = sourcecode.swift; path = UserApiService.swift; sourceTree = "<group>"; };
		D001D7582A0BCFAD00B44C63 /* UserModelMapper.swift */ = {isa = PBXFileReference; lastKnownFileType = sourcecode.swift; path = UserModelMapper.swift; sourceTree = "<group>"; };
		D044D4052A0E2C4700F06177 /* ServerBooking.swift */ = {isa = PBXFileReference; lastKnownFileType = sourcecode.swift; path = ServerBooking.swift; sourceTree = "<group>"; };
		D044D4092A0E300400F06177 /* AccommodationModelMapper.swift */ = {isa = PBXFileReference; lastKnownFileType = sourcecode.swift; path = AccommodationModelMapper.swift; sourceTree = "<group>"; };
		D044D40B2A0E3C6000F06177 /* Array + Extensions.swift */ = {isa = PBXFileReference; lastKnownFileType = sourcecode.swift; path = "Array + Extensions.swift"; sourceTree = "<group>"; };
		D044D40E2A0E494100F06177 /* AccommodationApi.swift */ = {isa = PBXFileReference; lastKnownFileType = sourcecode.swift; path = AccommodationApi.swift; sourceTree = "<group>"; };
		D044D4102A0E495300F06177 /* AccommodationApiService.swift */ = {isa = PBXFileReference; lastKnownFileType = sourcecode.swift; path = AccommodationApiService.swift; sourceTree = "<group>"; };
		D044D4122A0E4F5B00F06177 /* TargetType + Extensions.swift */ = {isa = PBXFileReference; lastKnownFileType = sourcecode.swift; path = "TargetType + Extensions.swift"; sourceTree = "<group>"; };
		D044D4152A0E583E00F06177 /* BookingApi.swift */ = {isa = PBXFileReference; lastKnownFileType = sourcecode.swift; path = BookingApi.swift; sourceTree = "<group>"; };
		D044D4172A0E584500F06177 /* BookingApiService.swift */ = {isa = PBXFileReference; lastKnownFileType = sourcecode.swift; path = BookingApiService.swift; sourceTree = "<group>"; };
		D059B2F42A1139FF00D85F8A /* ProcessingState.swift */ = {isa = PBXFileReference; lastKnownFileType = sourcecode.swift; path = ProcessingState.swift; sourceTree = "<group>"; };
		D059B2F62A113A4200D85F8A /* StateView.swift */ = {isa = PBXFileReference; lastKnownFileType = sourcecode.swift; path = StateView.swift; sourceTree = "<group>"; };
		D059B2F82A11414000D85F8A /* RegistrationRouter.swift */ = {isa = PBXFileReference; lastKnownFileType = sourcecode.swift; path = RegistrationRouter.swift; sourceTree = "<group>"; };
		D059B2FA2A1142E500D85F8A /* AuthorizationViewModel.swift */ = {isa = PBXFileReference; lastKnownFileType = sourcecode.swift; path = AuthorizationViewModel.swift; sourceTree = "<group>"; };
		D059B2FC2A11440900D85F8A /* AuthorizationRouter.swift */ = {isa = PBXFileReference; lastKnownFileType = sourcecode.swift; path = AuthorizationRouter.swift; sourceTree = "<group>"; };
		D059B2FE2A11494800D85F8A /* EnterCodeViewModel.swift */ = {isa = PBXFileReference; lastKnownFileType = sourcecode.swift; path = EnterCodeViewModel.swift; sourceTree = "<group>"; };
		D059B3002A114A0500D85F8A /* EnterCodeRouter.swift */ = {isa = PBXFileReference; lastKnownFileType = sourcecode.swift; path = EnterCodeRouter.swift; sourceTree = "<group>"; };
		D059B3022A11539600D85F8A /* AuthState.swift */ = {isa = PBXFileReference; lastKnownFileType = sourcecode.swift; path = AuthState.swift; sourceTree = "<group>"; };
		D059B3042A11598F00D85F8A /* UserProfileViewModel.swift */ = {isa = PBXFileReference; lastKnownFileType = sourcecode.swift; path = UserProfileViewModel.swift; sourceTree = "<group>"; };
		D0D3CFB22A0CEC1F008B5BF7 /* AuthResponse.swift */ = {isa = PBXFileReference; fileEncoding = 4; lastKnownFileType = sourcecode.swift; path = AuthResponse.swift; sourceTree = "<group>"; };
/* End PBXFileReference section */

/* Begin PBXFrameworksBuildPhase section */
		B5DA328029F1CA1B00DD2F2B /* Frameworks */ = {
			isa = PBXFrameworksBuildPhase;
			buildActionMask = 2147483647;
			files = (
				B5DA32CC29F1D78C00DD2F2B /* RxMoya in Frameworks */,
				B5DA32C229F1D64400DD2F2B /* Kingfisher in Frameworks */,
				B5DA32BF29F1D57900DD2F2B /* Stinsen in Frameworks */,
				B5DA32C829F1D78C00DD2F2B /* Moya in Frameworks */,
				D001D7292A0B9F3900B44C63 /* CombineExt in Frameworks */,
				B5DA32CA29F1D78C00DD2F2B /* ReactiveMoya in Frameworks */,
				B5DA32C629F1D78C00DD2F2B /* CombineMoya in Frameworks */,
			);
			runOnlyForDeploymentPostprocessing = 0;
		};
/* End PBXFrameworksBuildPhase section */

/* Begin PBXGroup section */
		B5DA327A29F1CA1B00DD2F2B = {
			isa = PBXGroup;
			children = (
				B5DA328529F1CA1B00DD2F2B /* Booking Looking */,
				B5DA328429F1CA1B00DD2F2B /* Products */,
			);
			sourceTree = "<group>";
		};
		B5DA328429F1CA1B00DD2F2B /* Products */ = {
			isa = PBXGroup;
			children = (
				B5DA328329F1CA1B00DD2F2B /* Booking Looking.app */,
			);
			name = Products;
			sourceTree = "<group>";
		};
		B5DA328529F1CA1B00DD2F2B /* Booking Looking */ = {
			isa = PBXGroup;
			children = (
				B5DA329429F1CA9500DD2F2B /* App */,
				B5DA329529F1CAAF00DD2F2B /* Coordinators */,
				D001D72E2A0BAEFC00B44C63 /* Models */,
				B5DA32AD29F1D2D400DD2F2B /* Modules */,
				B5DA329E29F1CB9F00DD2F2B /* Services */,
				B5DA32AC29F1D2A400DD2F2B /* Components */,
				B5DA32B229F1D35200DD2F2B /* Helpers */,
				B5DA32B729F1D3A200DD2F2B /* Resources */,
				B5DA328C29F1CA1C00DD2F2B /* Preview Content */,
			);
			path = "Booking Looking";
			sourceTree = "<group>";
		};
		B5DA328C29F1CA1C00DD2F2B /* Preview Content */ = {
			isa = PBXGroup;
			children = (
				B5DA328D29F1CA1C00DD2F2B /* Preview Assets.xcassets */,
			);
			path = "Preview Content";
			sourceTree = "<group>";
		};
		B5DA329429F1CA9500DD2F2B /* App */ = {
			isa = PBXGroup;
			children = (
				B5DA328629F1CA1B00DD2F2B /* BookingLookingApp.swift */,
			);
			path = App;
			sourceTree = "<group>";
		};
		B5DA329529F1CAAF00DD2F2B /* Coordinators */ = {
			isa = PBXGroup;
			children = (
				D001D6DA2A0B8FA600B44C63 /* UserCoordinator */,
				D001D6D72A0B8F9D00B44C63 /* TabBarCoordinator */,
				D001D6D42A0B8F8700B44C63 /* Authorzation */,
				B5DA329629F1CAF700DD2F2B /* MainCoordinator.swift */,
			);
			path = Coordinators;
			sourceTree = "<group>";
		};
		B5DA329E29F1CB9F00DD2F2B /* Services */ = {
			isa = PBXGroup;
			children = (
				D001D72D2A0BA07300B44C63 /* APIServices */,
				B5DA32A329F1CC2F00DD2F2B /* Error */,
				B5DA32A429F1CC3D00DD2F2B /* Storage */,
				B5DA32A129F1CBE800DD2F2B /* Provider.swift */,
			);
			path = Services;
			sourceTree = "<group>";
		};
		B5DA32A329F1CC2F00DD2F2B /* Error */ = {
			isa = PBXGroup;
			children = (
				B5DA32A529F1CC6E00DD2F2B /* APIError.swift */,
			);
			path = Error;
			sourceTree = "<group>";
		};
		B5DA32A429F1CC3D00DD2F2B /* Storage */ = {
			isa = PBXGroup;
			children = (
				B5DA32A729F1CD6B00DD2F2B /* LocalStorage.swift */,
			);
			path = Storage;
			sourceTree = "<group>";
		};
		B5DA32AC29F1D2A400DD2F2B /* Components */ = {
			isa = PBXGroup;
			children = (
				D059B2F32A1139E500D85F8A /* Processing */,
				D001D6FB2A0B934800B44C63 /* TextField */,
				D001D6F82A0B934000B44C63 /* TabBarItem */,
				D001D6DD2A0B900700B44C63 /* AccommodationCard */,
				D001D6E02A0B901100B44C63 /* Buttons */,
				D001D6E92A0B902300B44C63 /* Calendar */,
				D001D6EC2A0B926900B44C63 /* CheckBox */,
				D001D6EF2A0B92E800B44C63 /* CodeCeil */,
				D001D6F22A0B92F500B44C63 /* Images */,
				D001D6F52A0B92FD00B44C63 /* ImagesCarousel */,
			);
			path = Components;
			sourceTree = "<group>";
		};
		B5DA32AD29F1D2D400DD2F2B /* Modules */ = {
			isa = PBXGroup;
			children = (
				D001D7172A0B947100B44C63 /* PublicZone */,
				D001D7042A0B946800B44C63 /* PrivateZone */,
			);
			path = Modules;
			sourceTree = "<group>";
		};
		B5DA32B229F1D35200DD2F2B /* Helpers */ = {
			isa = PBXGroup;
			children = (
				D001D74E2A0BC4BA00B44C63 /* Extensions */,
				D001D72A2A0B9F8000B44C63 /* Protocols */,
				D001D7022A0B943D00B44C63 /* Validation.swift */,
				D001D7002A0B943400B44C63 /* Converter.swift */,
				D001D6FE2A0B942B00B44C63 /* ColorTheme.swift */,
				D001D73F2A0BB59400B44C63 /* Consts.swift */,
			);
			path = Helpers;
			sourceTree = "<group>";
		};
		B5DA32B729F1D3A200DD2F2B /* Resources */ = {
			isa = PBXGroup;
			children = (
				B5DA328A29F1CA1C00DD2F2B /* Assets.xcassets */,
			);
			path = Resources;
			sourceTree = "<group>";
		};
		D001D6D42A0B8F8700B44C63 /* Authorzation */ = {
			isa = PBXGroup;
			children = (
				D001D6D52A0B8F8700B44C63 /* AuthorizationCoordinator.swift */,
			);
			path = Authorzation;
			sourceTree = "<group>";
		};
		D001D6D72A0B8F9D00B44C63 /* TabBarCoordinator */ = {
			isa = PBXGroup;
			children = (
				D001D6D82A0B8F9D00B44C63 /* TabBarCoordinator.swift */,
			);
			path = TabBarCoordinator;
			sourceTree = "<group>";
		};
		D001D6DA2A0B8FA600B44C63 /* UserCoordinator */ = {
			isa = PBXGroup;
			children = (
				D001D6DB2A0B8FA600B44C63 /* UserCoordinator.swift */,
			);
			path = UserCoordinator;
			sourceTree = "<group>";
		};
		D001D6DD2A0B900700B44C63 /* AccommodationCard */ = {
			isa = PBXGroup;
			children = (
				D001D6DE2A0B900700B44C63 /* AccommodationCard.swift */,
			);
			path = AccommodationCard;
			sourceTree = "<group>";
		};
		D001D6E02A0B901100B44C63 /* Buttons */ = {
			isa = PBXGroup;
			children = (
				D001D6E12A0B901100B44C63 /* AppButton */,
				D001D6E42A0B901100B44C63 /* ButtonRefresh */,
			);
			name = Buttons;
			path = "Booking Looking/Components/Buttons";
			sourceTree = SOURCE_ROOT;
		};
		D001D6E12A0B901100B44C63 /* AppButton */ = {
			isa = PBXGroup;
			children = (
				D001D6E22A0B901100B44C63 /* AppButtonStyle.swift */,
				D001D6E32A0B901100B44C63 /* AppButton.swift */,
			);
			path = AppButton;
			sourceTree = "<group>";
		};
		D001D6E42A0B901100B44C63 /* ButtonRefresh */ = {
			isa = PBXGroup;
			children = (
				D001D6E52A0B901100B44C63 /* ButtonRefresh.swift */,
			);
			path = ButtonRefresh;
			sourceTree = "<group>";
		};
		D001D6E92A0B902300B44C63 /* Calendar */ = {
			isa = PBXGroup;
			children = (
				D001D6EA2A0B902300B44C63 /* Calendar.swift */,
			);
			name = Calendar;
			path = "Booking Looking/Components/Calendar";
			sourceTree = SOURCE_ROOT;
		};
		D001D6EC2A0B926900B44C63 /* CheckBox */ = {
			isa = PBXGroup;
			children = (
				D001D6ED2A0B926900B44C63 /* ChekBox.swift */,
			);
			name = CheckBox;
			path = "Booking Looking/Components/CheckBox";
			sourceTree = SOURCE_ROOT;
		};
		D001D6EF2A0B92E800B44C63 /* CodeCeil */ = {
			isa = PBXGroup;
			children = (
				D001D6F02A0B92E800B44C63 /* CodeCell.swift */,
			);
			path = CodeCeil;
			sourceTree = "<group>";
		};
		D001D6F22A0B92F500B44C63 /* Images */ = {
			isa = PBXGroup;
			children = (
				D001D6F32A0B92F500B44C63 /* NetworkImage.swift */,
			);
			path = Images;
			sourceTree = "<group>";
		};
		D001D6F52A0B92FD00B44C63 /* ImagesCarousel */ = {
			isa = PBXGroup;
			children = (
				D001D6F62A0B92FD00B44C63 /* ImageCarousel.swift */,
			);
			name = ImagesCarousel;
			path = "Booking Looking/Components/ImagesCarousel";
			sourceTree = SOURCE_ROOT;
		};
		D001D6F82A0B934000B44C63 /* TabBarItem */ = {
			isa = PBXGroup;
			children = (
				D001D6F92A0B934000B44C63 /* TabBar.swift */,
			);
			path = TabBarItem;
			sourceTree = "<group>";
		};
		D001D6FB2A0B934800B44C63 /* TextField */ = {
			isa = PBXGroup;
			children = (
				D001D6FC2A0B934800B44C63 /* CustomTextField.swift */,
			);
			path = TextField;
			sourceTree = "<group>";
		};
		D001D7042A0B946800B44C63 /* PrivateZone */ = {
			isa = PBXGroup;
			children = (
				D001D7052A0B946800B44C63 /* UserBooking */,
				D001D7072A0B946800B44C63 /* UserProfile */,
				D001D7092A0B946800B44C63 /* Accommodation */,
			);
			path = PrivateZone;
			sourceTree = "<group>";
		};
		D001D7052A0B946800B44C63 /* UserBooking */ = {
			isa = PBXGroup;
			children = (
				D001D7062A0B946800B44C63 /* UserBookingScreen.swift */,
			);
			path = UserBooking;
			sourceTree = "<group>";
		};
		D001D7072A0B946800B44C63 /* UserProfile */ = {
			isa = PBXGroup;
			children = (
				D001D7082A0B946800B44C63 /* UserProfileScreen.swift */,
				D059B3042A11598F00D85F8A /* UserProfileViewModel.swift */,
			);
			path = UserProfile;
			sourceTree = "<group>";
		};
		D001D7092A0B946800B44C63 /* Accommodation */ = {
			isa = PBXGroup;
			children = (
				D001D70A2A0B946800B44C63 /* SearchAccommodation */,
				D001D70D2A0B946800B44C63 /* Booking */,
				D001D70F2A0B946800B44C63 /* Filter */,
				D001D70C2A0B946800B44C63 /* AccommodationDetailScreen.swift */,
			);
			path = Accommodation;
			sourceTree = "<group>";
		};
		D001D70A2A0B946800B44C63 /* SearchAccommodation */ = {
			isa = PBXGroup;
			children = (
				D001D70B2A0B946800B44C63 /* SearchAccommodationScreen.swift */,
			);
			path = SearchAccommodation;
			sourceTree = "<group>";
		};
		D001D70D2A0B946800B44C63 /* Booking */ = {
			isa = PBXGroup;
			children = (
				D001D70E2A0B946800B44C63 /* BookingModal.swift */,
			);
			path = Booking;
			sourceTree = "<group>";
		};
		D001D70F2A0B946800B44C63 /* Filter */ = {
			isa = PBXGroup;
			children = (
				D001D7102A0B946800B44C63 /* FilterModal.swift */,
			);
			path = Filter;
			sourceTree = "<group>";
		};
		D001D7172A0B947100B44C63 /* PublicZone */ = {
			isa = PBXGroup;
			children = (
				D001D7182A0B947100B44C63 /* Registration */,
				D001D71A2A0B947200B44C63 /* Authorzation */,
				D001D71C2A0B947200B44C63 /* EnterCode */,
			);
			path = PublicZone;
			sourceTree = "<group>";
		};
		D001D7182A0B947100B44C63 /* Registration */ = {
			isa = PBXGroup;
			children = (
				D001D7192A0B947100B44C63 /* RegistrationScreen.swift */,
				D001D7252A0B9EEA00B44C63 /* RegistrationViewModel.swift */,
				D059B2F82A11414000D85F8A /* RegistrationRouter.swift */,
			);
			path = Registration;
			sourceTree = "<group>";
		};
		D001D71A2A0B947200B44C63 /* Authorzation */ = {
			isa = PBXGroup;
			children = (
				D001D71B2A0B947200B44C63 /* AuthorizationScreen.swift */,
				D059B2FA2A1142E500D85F8A /* AuthorizationViewModel.swift */,
				D059B2FC2A11440900D85F8A /* AuthorizationRouter.swift */,
			);
			path = Authorzation;
			sourceTree = "<group>";
		};
		D001D71C2A0B947200B44C63 /* EnterCode */ = {
			isa = PBXGroup;
			children = (
				D001D71D2A0B947200B44C63 /* EnterCodeScreen.swift */,
				D001D71E2A0B947200B44C63 /* EnterCodeScreen2.swift */,
				D059B2FE2A11494800D85F8A /* EnterCodeViewModel.swift */,
				D059B3002A114A0500D85F8A /* EnterCodeRouter.swift */,
			);
			path = EnterCode;
			sourceTree = "<group>";
		};
		D001D72A2A0B9F8000B44C63 /* Protocols */ = {
			isa = PBXGroup;
			children = (
				D001D72B2A0B9F9300B44C63 /* ViewModelProtocol.swift */,
			);
			path = Protocols;
			sourceTree = "<group>";
		};
		D001D72D2A0BA07300B44C63 /* APIServices */ = {
			isa = PBXGroup;
			children = (
				D001D73C2A0BB51300B44C63 /* AuthAPIService */,
				D044D40D2A0E490C00F06177 /* AccomodationService */,
				D044D4142A0E581A00F06177 /* BookingAPIService */,
				D001D7532A0BCF0700B44C63 /* UserAPIService */,
			);
			path = APIServices;
			sourceTree = "<group>";
		};
		D001D72E2A0BAEFC00B44C63 /* Models */ = {
			isa = PBXGroup;
			children = (
				D001D7452A0BBE4A00B44C63 /* Auth */,
				D001D72F2A0BAEFC00B44C63 /* ServerModels */,
				D001D7312A0BAEFC00B44C63 /* LocalModels */,
				D001D7352A0BAEFC00B44C63 /* Mappers */,
				D059B3022A11539600D85F8A /* AuthState.swift */,
			);
			name = Models;
			path = "../../../../Downloads/Telegram Desktop/Booking Looking/Models";
			sourceTree = "<group>";
		};
		D001D72F2A0BAEFC00B44C63 /* ServerModels */ = {
			isa = PBXGroup;
			children = (
				D001D7432A0BBDE900B44C63 /* ServerResponse.swift */,
				D001D7302A0BAEFC00B44C63 /* ServerUserModel.swift */,
				D044D4052A0E2C4700F06177 /* ServerBooking.swift */,
			);
			path = ServerModels;
			sourceTree = "<group>";
		};
		D001D7312A0BAEFC00B44C63 /* LocalModels */ = {
			isa = PBXGroup;
			children = (
				D001D7322A0BAEFC00B44C63 /* FilterModel.swift */,
				D001D7332A0BAEFC00B44C63 /* AccommodationModel.swift */,
				D001D7342A0BAEFC00B44C63 /* UserModel.swift */,
			);
			path = LocalModels;
			sourceTree = "<group>";
		};
		D001D7352A0BAEFC00B44C63 /* Mappers */ = {
			isa = PBXGroup;
			children = (
				D001D7362A0BAEFC00B44C63 /* BaseModelMapper.swift */,
				D001D74C2A0BC39700B44C63 /* AuthModelMapper.swift */,
				D001D7512A0BCA4700B44C63 /* CheckCodeModelMapper.swift */,
				D001D7582A0BCFAD00B44C63 /* UserModelMapper.swift */,
				D044D4092A0E300400F06177 /* AccommodationModelMapper.swift */,
			);
			path = Mappers;
			sourceTree = "<group>";
		};
		D001D73C2A0BB51300B44C63 /* AuthAPIService */ = {
			isa = PBXGroup;
			children = (
				D001D73D2A0BB53000B44C63 /* AuthApi.swift */,
				D001D7412A0BB90600B44C63 /* AuthApiService.swift */,
			);
			path = AuthAPIService;
			sourceTree = "<group>";
		};
		D001D7452A0BBE4A00B44C63 /* Auth */ = {
			isa = PBXGroup;
			children = (
				D0D3CFB22A0CEC1F008B5BF7 /* AuthResponse.swift */,
				D001D74A2A0BC0B000B44C63 /* CheckCodeResponse.swift */,
			);
			path = Auth;
			sourceTree = "<group>";
		};
		D001D74E2A0BC4BA00B44C63 /* Extensions */ = {
			isa = PBXGroup;
			children = (
				D001D74F2A0BC4C500B44C63 /* String + Extensions.swift */,
				D044D40B2A0E3C6000F06177 /* Array + Extensions.swift */,
				D044D4122A0E4F5B00F06177 /* TargetType + Extensions.swift */,
			);
			path = Extensions;
			sourceTree = "<group>";
		};
		D001D7532A0BCF0700B44C63 /* UserAPIService */ = {
			isa = PBXGroup;
			children = (
				D001D7542A0BCF2200B44C63 /* UserApi.swift */,
				D001D7562A0BCF2B00B44C63 /* UserApiService.swift */,
			);
			path = UserAPIService;
			sourceTree = "<group>";
		};
		D044D40D2A0E490C00F06177 /* AccomodationService */ = {
			isa = PBXGroup;
			children = (
				D044D40E2A0E494100F06177 /* AccommodationApi.swift */,
				D044D4102A0E495300F06177 /* AccommodationApiService.swift */,
			);
			path = AccomodationService;
			sourceTree = "<group>";
		};
		D044D4142A0E581A00F06177 /* BookingAPIService */ = {
			isa = PBXGroup;
			children = (
				D044D4152A0E583E00F06177 /* BookingApi.swift */,
				D044D4172A0E584500F06177 /* BookingApiService.swift */,
			);
			path = BookingAPIService;
			sourceTree = "<group>";
		};
		D059B2F32A1139E500D85F8A /* Processing */ = {
			isa = PBXGroup;
			children = (
				D059B2F42A1139FF00D85F8A /* ProcessingState.swift */,
				D059B2F62A113A4200D85F8A /* StateView.swift */,
			);
			path = Processing;
			sourceTree = "<group>";
		};
/* End PBXGroup section */

/* Begin PBXNativeTarget section */
		B5DA328229F1CA1B00DD2F2B /* Booking Looking */ = {
			isa = PBXNativeTarget;
			buildConfigurationList = B5DA329129F1CA1C00DD2F2B /* Build configuration list for PBXNativeTarget "Booking Looking" */;
			buildPhases = (
				B5DA327F29F1CA1B00DD2F2B /* Sources */,
				B5DA328029F1CA1B00DD2F2B /* Frameworks */,
				B5DA328129F1CA1B00DD2F2B /* Resources */,
			);
			buildRules = (
			);
			dependencies = (
			);
			name = "Booking Looking";
			packageProductDependencies = (
				B5DA32BE29F1D57900DD2F2B /* Stinsen */,
				B5DA32C129F1D64400DD2F2B /* Kingfisher */,
				B5DA32C529F1D78C00DD2F2B /* CombineMoya */,
				B5DA32C729F1D78C00DD2F2B /* Moya */,
				B5DA32C929F1D78C00DD2F2B /* ReactiveMoya */,
				B5DA32CB29F1D78C00DD2F2B /* RxMoya */,
				D001D7282A0B9F3900B44C63 /* CombineExt */,
			);
			productName = "Booking Looking";
			productReference = B5DA328329F1CA1B00DD2F2B /* Booking Looking.app */;
			productType = "com.apple.product-type.application";
		};
/* End PBXNativeTarget section */

/* Begin PBXProject section */
		B5DA327B29F1CA1B00DD2F2B /* Project object */ = {
			isa = PBXProject;
			attributes = {
				BuildIndependentTargetsInParallel = 1;
				LastSwiftUpdateCheck = 1430;
				LastUpgradeCheck = 1430;
				TargetAttributes = {
					B5DA328229F1CA1B00DD2F2B = {
						CreatedOnToolsVersion = 14.3;
					};
				};
			};
			buildConfigurationList = B5DA327E29F1CA1B00DD2F2B /* Build configuration list for PBXProject "Booking Looking" */;
			compatibilityVersion = "Xcode 14.0";
			developmentRegion = en;
			hasScannedForEncodings = 0;
			knownRegions = (
				en,
				Base,
			);
			mainGroup = B5DA327A29F1CA1B00DD2F2B;
			packageReferences = (
				B5DA32BD29F1D57900DD2F2B /* XCRemoteSwiftPackageReference "stinsen" */,
				B5DA32C029F1D64400DD2F2B /* XCRemoteSwiftPackageReference "Kingfisher" */,
				B5DA32C429F1D78C00DD2F2B /* XCRemoteSwiftPackageReference "Moya" */,
				D001D7272A0B9F3900B44C63 /* XCRemoteSwiftPackageReference "CombineExt" */,
			);
			productRefGroup = B5DA328429F1CA1B00DD2F2B /* Products */;
			projectDirPath = "";
			projectRoot = "";
			targets = (
				B5DA328229F1CA1B00DD2F2B /* Booking Looking */,
			);
		};
/* End PBXProject section */

/* Begin PBXResourcesBuildPhase section */
		B5DA328129F1CA1B00DD2F2B /* Resources */ = {
			isa = PBXResourcesBuildPhase;
			buildActionMask = 2147483647;
			files = (
				B5DA328E29F1CA1C00DD2F2B /* Preview Assets.xcassets in Resources */,
				B5DA328B29F1CA1C00DD2F2B /* Assets.xcassets in Resources */,
			);
			runOnlyForDeploymentPostprocessing = 0;
		};
/* End PBXResourcesBuildPhase section */

/* Begin PBXSourcesBuildPhase section */
		B5DA327F29F1CA1B00DD2F2B /* Sources */ = {
			isa = PBXSourcesBuildPhase;
			buildActionMask = 2147483647;
			files = (
				D001D7442A0BBDE900B44C63 /* ServerResponse.swift in Sources */,
				D044D4112A0E495300F06177 /* AccommodationApiService.swift in Sources */,
				D001D6E62A0B901100B44C63 /* AppButtonStyle.swift in Sources */,
				D001D7262A0B9EEA00B44C63 /* RegistrationViewModel.swift in Sources */,
				D001D7032A0B943D00B44C63 /* Validation.swift in Sources */,
				D001D7382A0BAEFC00B44C63 /* FilterModel.swift in Sources */,
				D001D7142A0B946800B44C63 /* AccommodationDetailScreen.swift in Sources */,
				D001D71F2A0B947200B44C63 /* RegistrationScreen.swift in Sources */,
				D001D7012A0B943400B44C63 /* Converter.swift in Sources */,
				D001D74B2A0BC0B000B44C63 /* CheckCodeResponse.swift in Sources */,
				D001D6FD2A0B934800B44C63 /* CustomTextField.swift in Sources */,
				D059B2F72A113A4200D85F8A /* StateView.swift in Sources */,
				D001D6DF2A0B900700B44C63 /* AccommodationCard.swift in Sources */,
				D001D6DC2A0B8FA600B44C63 /* UserCoordinator.swift in Sources */,
				D001D6F42A0B92F500B44C63 /* NetworkImage.swift in Sources */,
				D044D40A2A0E300400F06177 /* AccommodationModelMapper.swift in Sources */,
				D044D4182A0E584500F06177 /* BookingApiService.swift in Sources */,
				D001D72C2A0B9F9300B44C63 /* ViewModelProtocol.swift in Sources */,
				D059B2FB2A1142E500D85F8A /* AuthorizationViewModel.swift in Sources */,
				D044D4162A0E583E00F06177 /* BookingApi.swift in Sources */,
				B5DA329729F1CAF700DD2F2B /* MainCoordinator.swift in Sources */,
				D001D7372A0BAEFC00B44C63 /* ServerUserModel.swift in Sources */,
				D0D3CFB32A0CEC1F008B5BF7 /* AuthResponse.swift in Sources */,
				B5DA32A229F1CBE800DD2F2B /* Provider.swift in Sources */,
				D001D74D2A0BC39700B44C63 /* AuthModelMapper.swift in Sources */,
				D001D6E82A0B901100B44C63 /* ButtonRefresh.swift in Sources */,
				D001D7222A0B947200B44C63 /* EnterCodeScreen2.swift in Sources */,
				D001D7122A0B946800B44C63 /* UserProfileScreen.swift in Sources */,
				D001D7502A0BC4C500B44C63 /* String + Extensions.swift in Sources */,
				D001D6E72A0B901100B44C63 /* AppButton.swift in Sources */,
				D001D6F72A0B92FD00B44C63 /* ImageCarousel.swift in Sources */,
				D001D7572A0BCF2B00B44C63 /* UserApiService.swift in Sources */,
				D001D73E2A0BB53000B44C63 /* AuthApi.swift in Sources */,
				D001D7552A0BCF2200B44C63 /* UserApi.swift in Sources */,
				D059B3032A11539600D85F8A /* AuthState.swift in Sources */,
				D001D6D92A0B8F9D00B44C63 /* TabBarCoordinator.swift in Sources */,
				D001D6D62A0B8F8700B44C63 /* AuthorizationCoordinator.swift in Sources */,
				D044D4132A0E4F5B00F06177 /* TargetType + Extensions.swift in Sources */,
				D059B2FF2A11494800D85F8A /* EnterCodeViewModel.swift in Sources */,
				D001D7202A0B947200B44C63 /* AuthorizationScreen.swift in Sources */,
				D059B2FD2A11440900D85F8A /* AuthorizationRouter.swift in Sources */,
				D001D7212A0B947200B44C63 /* EnterCodeScreen.swift in Sources */,
				D001D7132A0B946800B44C63 /* SearchAccommodationScreen.swift in Sources */,
				D001D7422A0BB90600B44C63 /* AuthApiService.swift in Sources */,
				B5DA328729F1CA1B00DD2F2B /* BookingLookingApp.swift in Sources */,
				D001D6EB2A0B902300B44C63 /* Calendar.swift in Sources */,
				B5DA32A829F1CD6B00DD2F2B /* LocalStorage.swift in Sources */,
				D001D7402A0BB59400B44C63 /* Consts.swift in Sources */,
				D001D7522A0BCA4700B44C63 /* CheckCodeModelMapper.swift in Sources */,
				D059B3052A11598F00D85F8A /* UserProfileViewModel.swift in Sources */,
				D001D7392A0BAEFC00B44C63 /* AccommodationModel.swift in Sources */,
				D001D6F12A0B92E800B44C63 /* CodeCell.swift in Sources */,
				D001D7152A0B946800B44C63 /* BookingModal.swift in Sources */,
				D044D40C2A0E3C6000F06177 /* Array + Extensions.swift in Sources */,
				D044D4062A0E2C4700F06177 /* ServerBooking.swift in Sources */,
				D001D6FA2A0B934000B44C63 /* TabBar.swift in Sources */,
				D001D6FF2A0B942B00B44C63 /* ColorTheme.swift in Sources */,
				D001D7112A0B946800B44C63 /* UserBookingScreen.swift in Sources */,
				D059B3012A114A0500D85F8A /* EnterCodeRouter.swift in Sources */,
				D001D73A2A0BAEFC00B44C63 /* UserModel.swift in Sources */,
				D001D7592A0BCFAD00B44C63 /* UserModelMapper.swift in Sources */,
				D001D6EE2A0B926900B44C63 /* ChekBox.swift in Sources */,
				D044D40F2A0E494100F06177 /* AccommodationApi.swift in Sources */,
				B5DA32A629F1CC6E00DD2F2B /* APIError.swift in Sources */,
				D001D7162A0B946800B44C63 /* FilterModal.swift in Sources */,
				D059B2F92A11414000D85F8A /* RegistrationRouter.swift in Sources */,
				D059B2F52A1139FF00D85F8A /* ProcessingState.swift in Sources */,
				D001D73B2A0BAEFC00B44C63 /* BaseModelMapper.swift in Sources */,
			);
			runOnlyForDeploymentPostprocessing = 0;
		};
/* End PBXSourcesBuildPhase section */

/* Begin XCBuildConfiguration section */
		B5DA328F29F1CA1C00DD2F2B /* Debug */ = {
			isa = XCBuildConfiguration;
			buildSettings = {
				ALWAYS_SEARCH_USER_PATHS = NO;
				CLANG_ANALYZER_NONNULL = YES;
				CLANG_ANALYZER_NUMBER_OBJECT_CONVERSION = YES_AGGRESSIVE;
				CLANG_CXX_LANGUAGE_STANDARD = "gnu++20";
				CLANG_ENABLE_MODULES = YES;
				CLANG_ENABLE_OBJC_ARC = YES;
				CLANG_ENABLE_OBJC_WEAK = YES;
				CLANG_WARN_BLOCK_CAPTURE_AUTORELEASING = YES;
				CLANG_WARN_BOOL_CONVERSION = YES;
				CLANG_WARN_COMMA = YES;
				CLANG_WARN_CONSTANT_CONVERSION = YES;
				CLANG_WARN_DEPRECATED_OBJC_IMPLEMENTATIONS = YES;
				CLANG_WARN_DIRECT_OBJC_ISA_USAGE = YES_ERROR;
				CLANG_WARN_DOCUMENTATION_COMMENTS = YES;
				CLANG_WARN_EMPTY_BODY = YES;
				CLANG_WARN_ENUM_CONVERSION = YES;
				CLANG_WARN_INFINITE_RECURSION = YES;
				CLANG_WARN_INT_CONVERSION = YES;
				CLANG_WARN_NON_LITERAL_NULL_CONVERSION = YES;
				CLANG_WARN_OBJC_IMPLICIT_RETAIN_SELF = YES;
				CLANG_WARN_OBJC_LITERAL_CONVERSION = YES;
				CLANG_WARN_OBJC_ROOT_CLASS = YES_ERROR;
				CLANG_WARN_QUOTED_INCLUDE_IN_FRAMEWORK_HEADER = YES;
				CLANG_WARN_RANGE_LOOP_ANALYSIS = YES;
				CLANG_WARN_STRICT_PROTOTYPES = YES;
				CLANG_WARN_SUSPICIOUS_MOVE = YES;
				CLANG_WARN_UNGUARDED_AVAILABILITY = YES_AGGRESSIVE;
				CLANG_WARN_UNREACHABLE_CODE = YES;
				CLANG_WARN__DUPLICATE_METHOD_MATCH = YES;
				COPY_PHASE_STRIP = NO;
				DEBUG_INFORMATION_FORMAT = dwarf;
				ENABLE_STRICT_OBJC_MSGSEND = YES;
				ENABLE_TESTABILITY = YES;
				GCC_C_LANGUAGE_STANDARD = gnu11;
				GCC_DYNAMIC_NO_PIC = NO;
				GCC_NO_COMMON_BLOCKS = YES;
				GCC_OPTIMIZATION_LEVEL = 0;
				GCC_PREPROCESSOR_DEFINITIONS = (
					"DEBUG=1",
					"$(inherited)",
				);
				GCC_WARN_64_TO_32_BIT_CONVERSION = YES;
				GCC_WARN_ABOUT_RETURN_TYPE = YES_ERROR;
				GCC_WARN_UNDECLARED_SELECTOR = YES;
				GCC_WARN_UNINITIALIZED_AUTOS = YES_AGGRESSIVE;
				GCC_WARN_UNUSED_FUNCTION = YES;
				GCC_WARN_UNUSED_VARIABLE = YES;
				IPHONEOS_DEPLOYMENT_TARGET = 16.4;
				MTL_ENABLE_DEBUG_INFO = INCLUDE_SOURCE;
				MTL_FAST_MATH = YES;
				ONLY_ACTIVE_ARCH = YES;
				SDKROOT = iphoneos;
				SWIFT_ACTIVE_COMPILATION_CONDITIONS = DEBUG;
				SWIFT_OPTIMIZATION_LEVEL = "-Onone";
			};
			name = Debug;
		};
		B5DA329029F1CA1C00DD2F2B /* Release */ = {
			isa = XCBuildConfiguration;
			buildSettings = {
				ALWAYS_SEARCH_USER_PATHS = NO;
				CLANG_ANALYZER_NONNULL = YES;
				CLANG_ANALYZER_NUMBER_OBJECT_CONVERSION = YES_AGGRESSIVE;
				CLANG_CXX_LANGUAGE_STANDARD = "gnu++20";
				CLANG_ENABLE_MODULES = YES;
				CLANG_ENABLE_OBJC_ARC = YES;
				CLANG_ENABLE_OBJC_WEAK = YES;
				CLANG_WARN_BLOCK_CAPTURE_AUTORELEASING = YES;
				CLANG_WARN_BOOL_CONVERSION = YES;
				CLANG_WARN_COMMA = YES;
				CLANG_WARN_CONSTANT_CONVERSION = YES;
				CLANG_WARN_DEPRECATED_OBJC_IMPLEMENTATIONS = YES;
				CLANG_WARN_DIRECT_OBJC_ISA_USAGE = YES_ERROR;
				CLANG_WARN_DOCUMENTATION_COMMENTS = YES;
				CLANG_WARN_EMPTY_BODY = YES;
				CLANG_WARN_ENUM_CONVERSION = YES;
				CLANG_WARN_INFINITE_RECURSION = YES;
				CLANG_WARN_INT_CONVERSION = YES;
				CLANG_WARN_NON_LITERAL_NULL_CONVERSION = YES;
				CLANG_WARN_OBJC_IMPLICIT_RETAIN_SELF = YES;
				CLANG_WARN_OBJC_LITERAL_CONVERSION = YES;
				CLANG_WARN_OBJC_ROOT_CLASS = YES_ERROR;
				CLANG_WARN_QUOTED_INCLUDE_IN_FRAMEWORK_HEADER = YES;
				CLANG_WARN_RANGE_LOOP_ANALYSIS = YES;
				CLANG_WARN_STRICT_PROTOTYPES = YES;
				CLANG_WARN_SUSPICIOUS_MOVE = YES;
				CLANG_WARN_UNGUARDED_AVAILABILITY = YES_AGGRESSIVE;
				CLANG_WARN_UNREACHABLE_CODE = YES;
				CLANG_WARN__DUPLICATE_METHOD_MATCH = YES;
				COPY_PHASE_STRIP = NO;
				DEBUG_INFORMATION_FORMAT = "dwarf-with-dsym";
				ENABLE_NS_ASSERTIONS = NO;
				ENABLE_STRICT_OBJC_MSGSEND = YES;
				GCC_C_LANGUAGE_STANDARD = gnu11;
				GCC_NO_COMMON_BLOCKS = YES;
				GCC_WARN_64_TO_32_BIT_CONVERSION = YES;
				GCC_WARN_ABOUT_RETURN_TYPE = YES_ERROR;
				GCC_WARN_UNDECLARED_SELECTOR = YES;
				GCC_WARN_UNINITIALIZED_AUTOS = YES_AGGRESSIVE;
				GCC_WARN_UNUSED_FUNCTION = YES;
				GCC_WARN_UNUSED_VARIABLE = YES;
				IPHONEOS_DEPLOYMENT_TARGET = 16.4;
				MTL_ENABLE_DEBUG_INFO = NO;
				MTL_FAST_MATH = YES;
				SDKROOT = iphoneos;
				SWIFT_COMPILATION_MODE = wholemodule;
				SWIFT_OPTIMIZATION_LEVEL = "-O";
				VALIDATE_PRODUCT = YES;
			};
			name = Release;
		};
		B5DA329229F1CA1C00DD2F2B /* Debug */ = {
			isa = XCBuildConfiguration;
			buildSettings = {
				ASSETCATALOG_COMPILER_APPICON_NAME = AppIcon;
				ASSETCATALOG_COMPILER_GLOBAL_ACCENT_COLOR_NAME = AccentColor;
				CODE_SIGN_STYLE = Automatic;
				CURRENT_PROJECT_VERSION = 1;
				DEVELOPMENT_ASSET_PATHS = "\"Booking Looking/Preview Content\"";
				ENABLE_PREVIEWS = YES;
				GENERATE_INFOPLIST_FILE = YES;
				INFOPLIST_KEY_UIApplicationSceneManifest_Generation = YES;
				INFOPLIST_KEY_UIApplicationSupportsIndirectInputEvents = YES;
				INFOPLIST_KEY_UILaunchScreen_Generation = YES;
				INFOPLIST_KEY_UISupportedInterfaceOrientations_iPad = "UIInterfaceOrientationPortrait UIInterfaceOrientationPortraitUpsideDown UIInterfaceOrientationLandscapeLeft UIInterfaceOrientationLandscapeRight";
				INFOPLIST_KEY_UISupportedInterfaceOrientations_iPhone = "UIInterfaceOrientationPortrait UIInterfaceOrientationLandscapeLeft UIInterfaceOrientationLandscapeRight";
				INFOPLIST_KEY_UIUserInterfaceStyle = Light;
				LD_RUNPATH_SEARCH_PATHS = (
					"$(inherited)",
					"@executable_path/Frameworks",
				);
				MARKETING_VERSION = 1.0;
				PRODUCT_BUNDLE_IDENTIFIER = "-23.Booking-Looking";
				PRODUCT_NAME = "$(TARGET_NAME)";
				SWIFT_EMIT_LOC_STRINGS = YES;
				SWIFT_VERSION = 5.0;
				TARGETED_DEVICE_FAMILY = "1,2";
			};
			name = Debug;
		};
		B5DA329329F1CA1C00DD2F2B /* Release */ = {
			isa = XCBuildConfiguration;
			buildSettings = {
				ASSETCATALOG_COMPILER_APPICON_NAME = AppIcon;
				ASSETCATALOG_COMPILER_GLOBAL_ACCENT_COLOR_NAME = AccentColor;
				CODE_SIGN_STYLE = Automatic;
				CURRENT_PROJECT_VERSION = 1;
				DEVELOPMENT_ASSET_PATHS = "\"Booking Looking/Preview Content\"";
				ENABLE_PREVIEWS = YES;
				GENERATE_INFOPLIST_FILE = YES;
				INFOPLIST_KEY_UIApplicationSceneManifest_Generation = YES;
				INFOPLIST_KEY_UIApplicationSupportsIndirectInputEvents = YES;
				INFOPLIST_KEY_UILaunchScreen_Generation = YES;
				INFOPLIST_KEY_UISupportedInterfaceOrientations_iPad = "UIInterfaceOrientationPortrait UIInterfaceOrientationPortraitUpsideDown UIInterfaceOrientationLandscapeLeft UIInterfaceOrientationLandscapeRight";
				INFOPLIST_KEY_UISupportedInterfaceOrientations_iPhone = "UIInterfaceOrientationPortrait UIInterfaceOrientationLandscapeLeft UIInterfaceOrientationLandscapeRight";
				INFOPLIST_KEY_UIUserInterfaceStyle = Light;
				LD_RUNPATH_SEARCH_PATHS = (
					"$(inherited)",
					"@executable_path/Frameworks",
				);
				MARKETING_VERSION = 1.0;
				PRODUCT_BUNDLE_IDENTIFIER = "-23.Booking-Looking";
				PRODUCT_NAME = "$(TARGET_NAME)";
				SWIFT_EMIT_LOC_STRINGS = YES;
				SWIFT_VERSION = 5.0;
				TARGETED_DEVICE_FAMILY = "1,2";
			};
			name = Release;
		};
/* End XCBuildConfiguration section */

/* Begin XCConfigurationList section */
		B5DA327E29F1CA1B00DD2F2B /* Build configuration list for PBXProject "Booking Looking" */ = {
			isa = XCConfigurationList;
			buildConfigurations = (
				B5DA328F29F1CA1C00DD2F2B /* Debug */,
				B5DA329029F1CA1C00DD2F2B /* Release */,
			);
			defaultConfigurationIsVisible = 0;
			defaultConfigurationName = Release;
		};
		B5DA329129F1CA1C00DD2F2B /* Build configuration list for PBXNativeTarget "Booking Looking" */ = {
			isa = XCConfigurationList;
			buildConfigurations = (
				B5DA329229F1CA1C00DD2F2B /* Debug */,
				B5DA329329F1CA1C00DD2F2B /* Release */,
			);
			defaultConfigurationIsVisible = 0;
			defaultConfigurationName = Release;
		};
/* End XCConfigurationList section */

/* Begin XCRemoteSwiftPackageReference section */
		B5DA32BD29F1D57900DD2F2B /* XCRemoteSwiftPackageReference "stinsen" */ = {
			isa = XCRemoteSwiftPackageReference;
			repositoryURL = "https://github.com/rundfunk47/stinsen";
			requirement = {
				kind = exactVersion;
				version = 2.0.13;
			};
		};
		B5DA32C029F1D64400DD2F2B /* XCRemoteSwiftPackageReference "Kingfisher" */ = {
			isa = XCRemoteSwiftPackageReference;
			repositoryURL = "https://github.com/onevcat/Kingfisher";
			requirement = {
				kind = exactVersion;
				version = 7.6.2;
			};
		};
		B5DA32C429F1D78C00DD2F2B /* XCRemoteSwiftPackageReference "Moya" */ = {
			isa = XCRemoteSwiftPackageReference;
			repositoryURL = "https://github.com/Moya/Moya";
			requirement = {
				kind = exactVersion;
				version = 15.0.3;
			};
		};
		D001D7272A0B9F3900B44C63 /* XCRemoteSwiftPackageReference "CombineExt" */ = {
			isa = XCRemoteSwiftPackageReference;
			repositoryURL = "https://github.com/CombineCommunity/CombineExt";
			requirement = {
				kind = exactVersion;
				version = 1.8.1;
			};
		};
/* End XCRemoteSwiftPackageReference section */

/* Begin XCSwiftPackageProductDependency section */
		B5DA32BE29F1D57900DD2F2B /* Stinsen */ = {
			isa = XCSwiftPackageProductDependency;
			package = B5DA32BD29F1D57900DD2F2B /* XCRemoteSwiftPackageReference "stinsen" */;
			productName = Stinsen;
		};
		B5DA32C129F1D64400DD2F2B /* Kingfisher */ = {
			isa = XCSwiftPackageProductDependency;
			package = B5DA32C029F1D64400DD2F2B /* XCRemoteSwiftPackageReference "Kingfisher" */;
			productName = Kingfisher;
		};
		B5DA32C529F1D78C00DD2F2B /* CombineMoya */ = {
			isa = XCSwiftPackageProductDependency;
			package = B5DA32C429F1D78C00DD2F2B /* XCRemoteSwiftPackageReference "Moya" */;
			productName = CombineMoya;
		};
		B5DA32C729F1D78C00DD2F2B /* Moya */ = {
			isa = XCSwiftPackageProductDependency;
			package = B5DA32C429F1D78C00DD2F2B /* XCRemoteSwiftPackageReference "Moya" */;
			productName = Moya;
		};
		B5DA32C929F1D78C00DD2F2B /* ReactiveMoya */ = {
			isa = XCSwiftPackageProductDependency;
			package = B5DA32C429F1D78C00DD2F2B /* XCRemoteSwiftPackageReference "Moya" */;
			productName = ReactiveMoya;
		};
		B5DA32CB29F1D78C00DD2F2B /* RxMoya */ = {
			isa = XCSwiftPackageProductDependency;
			package = B5DA32C429F1D78C00DD2F2B /* XCRemoteSwiftPackageReference "Moya" */;
			productName = RxMoya;
		};
		D001D7282A0B9F3900B44C63 /* CombineExt */ = {
			isa = XCSwiftPackageProductDependency;
			package = D001D7272A0B9F3900B44C63 /* XCRemoteSwiftPackageReference "CombineExt" */;
			productName = CombineExt;
		};
/* End XCSwiftPackageProductDependency section */
	};
	rootObject = B5DA327B29F1CA1B00DD2F2B /* Project object */;
}
